
Microsoft Visual Studio Solution File, Format Version 12.00
# Visual Studio Version 17
VisualStudioVersion = 17.7.34024.191
MinimumVisualStudioVersion = 10.0.40219.1
Project("{FAE04EC0-301F-11D3-BF4B-00C04F79EFBC}") = "WindowsFormsApp2", "WindowsFormsApp2\WindowsFormsApp2.csproj", "{B43C8D00-95AA-403A-97AC-565DCF87F5D0}"
EndProject
Global
	GlobalSection(SolutionConfigurationPlatforms) = preSolution
		Debug|Any CPU = Debug|Any CPU
		Release|Any CPU = Release|Any CPU
	EndGlobalSection
	GlobalSection(ProjectConfigurationPlatforms) = postSolution
		{B43C8D00-95AA-403A-97AC-565DCF87F5D0}.Debug|Any CPU.ActiveCfg = Debug|Any CPU
		{B43C8D00-95AA-403A-97AC-565DCF87F5D0}.Debug|Any CPU.Build.0 = Debug|Any CPU
		{B43C8D00-95AA-403A-97AC-565DCF87F5D0}.Release|Any CPU.ActiveCfg = Release|Any CPU
		{B43C8D00-95AA-403A-97AC-565DCF87F5D0}.Release|Any CPU.Build.0 = Release|Any CPU
	EndGlobalSection
	GlobalSection(SolutionProperties) = preSolution
		HideSolutionNode = FALSE
	EndGlobalSection
	GlobalSection(ExtensibilityGlobals) = postSolution
		SolutionGuid = {F34B20D2-0978-4800-A4C4-6846A34274E0}
	EndGlobalSection
EndGlobal
