
Microsoft Visual Studio Solution File, Format Version 12.00
# Visual Studio Version 17
VisualStudioVersion = 17.7.34024.191
MinimumVisualStudioVersion = 10.0.40219.1
Project("{FAE04EC0-301F-11D3-BF4B-00C04F79EFBC}") = "VisualIZO", "VisualIZO\VisualIZO.csproj", "{06174CC5-A480-45EF-A5B9-F06FECDC9DE1}"
EndProject
Global
	GlobalSection(SolutionConfigurationPlatforms) = preSolution
		Debug|Any CPU = Debug|Any CPU
		Release|Any CPU = Release|Any CPU
	EndGlobalSection
	GlobalSection(ProjectConfigurationPlatforms) = postSolution
		{06174CC5-A480-45EF-A5B9-F06FECDC9DE1}.Debug|Any CPU.ActiveCfg = Debug|Any CPU
		{06174CC5-A480-45EF-A5B9-F06FECDC9DE1}.Debug|Any CPU.Build.0 = Debug|Any CPU
		{06174CC5-A480-45EF-A5B9-F06FECDC9DE1}.Release|Any CPU.ActiveCfg = Release|Any CPU
		{06174CC5-A480-45EF-A5B9-F06FECDC9DE1}.Release|Any CPU.Build.0 = Release|Any CPU
	EndGlobalSection
	GlobalSection(SolutionProperties) = preSolution
		HideSolutionNode = FALSE
	EndGlobalSection
	GlobalSection(ExtensibilityGlobals) = postSolution
		SolutionGuid = {A11844C9-C685-44B1-A037-633B0A2CDC8C}
	EndGlobalSection
EndGlobal
